
Microsoft Visual Studio Solution File, Format Version 12.00
# Visual Studio Version 17
VisualStudioVersion = 17.7.34031.279
MinimumVisualStudioVersion = 10.0.40219.1
Project("{8BC9CEB8-8B4A-11D0-8D11-00A0C91BC942}") = "laba 1", "laba 1\laba 1.vcxproj", "{9737DA9C-13A8-449D-96B8-920EB31BC60A}"
EndProject
Project("{8BC9CEB8-8B4A-11D0-8D11-00A0C91BC942}") = "task 2", "task 2\task 2.vcxproj", "{C33EF4D1-D98D-47F3-9471-143A117CC370}"
EndProject
Project("{8BC9CEB8-8B4A-11D0-8D11-00A0C91BC942}") = "task 1", "task 1\task 1.vcxproj", "{B1788246-5D4E-4794-8815-B4C1CC679BBA}"
EndProject
Global
	GlobalSection(SolutionConfigurationPlatforms) = preSolution
		Debug|x64 = Debug|x64
		Debug|x86 = Debug|x86
		Release|x64 = Release|x64
		Release|x86 = Release|x86
	EndGlobalSection
	GlobalSection(ProjectConfigurationPlatforms) = postSolution
		{9737DA9C-13A8-449D-96B8-920EB31BC60A}.Debug|x64.ActiveCfg = Debug|x64
		{9737DA9C-13A8-449D-96B8-920EB31BC60A}.Debug|x64.Build.0 = Debug|x64
		{9737DA9C-13A8-449D-96B8-920EB31BC60A}.Debug|x86.ActiveCfg = Debug|Win32
		{9737DA9C-13A8-449D-96B8-920EB31BC60A}.Debug|x86.Build.0 = Debug|Win32
		{9737DA9C-13A8-449D-96B8-920EB31BC60A}.Release|x64.ActiveCfg = Release|x64
		{9737DA9C-13A8-449D-96B8-920EB31BC60A}.Release|x64.Build.0 = Release|x64
		{9737DA9C-13A8-449D-96B8-920EB31BC60A}.Release|x86.ActiveCfg = Release|Win32
		{9737DA9C-13A8-449D-96B8-920EB31BC60A}.Release|x86.Build.0 = Release|Win32
		{C33EF4D1-D98D-47F3-9471-143A117CC370}.Debug|x64.ActiveCfg = Debug|x64
		{C33EF4D1-D98D-47F3-9471-143A117CC370}.Debug|x64.Build.0 = Debug|x64
		{C33EF4D1-D98D-47F3-9471-143A117CC370}.Debug|x86.ActiveCfg = Debug|Win32
		{C33EF4D1-D98D-47F3-9471-143A117CC370}.Debug|x86.Build.0 = Debug|Win32
		{C33EF4D1-D98D-47F3-9471-143A117CC370}.Release|x64.ActiveCfg = Release|x64
		{C33EF4D1-D98D-47F3-9471-143A117CC370}.Release|x64.Build.0 = Release|x64
		{C33EF4D1-D98D-47F3-9471-143A117CC370}.Release|x86.ActiveCfg = Release|Win32
		{C33EF4D1-D98D-47F3-9471-143A117CC370}.Release|x86.Build.0 = Release|Win32
		{B1788246-5D4E-4794-8815-B4C1CC679BBA}.Debug|x64.ActiveCfg = Debug|x64
		{B1788246-5D4E-4794-8815-B4C1CC679BBA}.Debug|x64.Build.0 = Debug|x64
		{B1788246-5D4E-4794-8815-B4C1CC679BBA}.Debug|x86.ActiveCfg = Debug|Win32
		{B1788246-5D4E-4794-8815-B4C1CC679BBA}.Debug|x86.Build.0 = Debug|Win32
		{B1788246-5D4E-4794-8815-B4C1CC679BBA}.Release|x64.ActiveCfg = Release|x64
		{B1788246-5D4E-4794-8815-B4C1CC679BBA}.Release|x64.Build.0 = Release|x64
		{B1788246-5D4E-4794-8815-B4C1CC679BBA}.Release|x86.ActiveCfg = Release|Win32
		{B1788246-5D4E-4794-8815-B4C1CC679BBA}.Release|x86.Build.0 = Release|Win32
	EndGlobalSection
	GlobalSection(SolutionProperties) = preSolution
		HideSolutionNode = FALSE
	EndGlobalSection
	GlobalSection(ExtensibilityGlobals) = postSolution
		SolutionGuid = {EAAEB686-8F88-45BF-9E7E-E4C74E38F1DF}
	EndGlobalSection
EndGlobal
